// !$*UTF8*$!
{
	archiveVersion = 1;
	classes = {
	};
	objectVersion = 50;
	objects = {

/* Begin PBXBuildFile section */
		F579F0E324F5F28B00F96860 /* AppDelegate.swift in Sources */ = {isa = PBXBuildFile; fileRef = F579F0E224F5F28B00F96860 /* AppDelegate.swift */; };
		F579F0E524F5F28B00F96860 /* SceneDelegate.swift in Sources */ = {isa = PBXBuildFile; fileRef = F579F0E424F5F28B00F96860 /* SceneDelegate.swift */; };
		F579F0E724F5F28B00F96860 /* ContentView.swift in Sources */ = {isa = PBXBuildFile; fileRef = F579F0E624F5F28B00F96860 /* ContentView.swift */; };
		F579F0E924F5F28F00F96860 /* Assets.xcassets in Resources */ = {isa = PBXBuildFile; fileRef = F579F0E824F5F28F00F96860 /* Assets.xcassets */; };
		F579F0EC24F5F28F00F96860 /* Preview Assets.xcassets in Resources */ = {isa = PBXBuildFile; fileRef = F579F0EB24F5F28F00F96860 /* Preview Assets.xcassets */; };
		F579F0EF24F5F28F00F96860 /* LaunchScreen.storyboard in Resources */ = {isa = PBXBuildFile; fileRef = F579F0ED24F5F28F00F96860 /* LaunchScreen.storyboard */; };
		F579F0FA24F5F29000F96860 /* MyFirstAppTests.swift in Sources */ = {isa = PBXBuildFile; fileRef = F579F0F924F5F29000F96860 /* MyFirstAppTests.swift */; };
		F579F10524F5F29000F96860 /* MyFirstAppUITests.swift in Sources */ = {isa = PBXBuildFile; fileRef = F579F10424F5F29000F96860 /* MyFirstAppUITests.swift */; };
/* End PBXBuildFile section */

/* Begin PBXContainerItemProxy section */
		F579F0F624F5F29000F96860 /* PBXContainerItemProxy */ = {
			isa = PBXContainerItemProxy;
			containerPortal = F579F0D724F5F28B00F96860 /* Project object */;
			proxyType = 1;
			remoteGlobalIDString = F579F0DE24F5F28B00F96860;
			remoteInfo = MyFirstApp;
		};
		F579F10124F5F29000F96860 /* PBXContainerItemProxy */ = {
			isa = PBXContainerItemProxy;
			containerPortal = F579F0D724F5F28B00F96860 /* Project object */;
			proxyType = 1;
			remoteGlobalIDString = F579F0DE24F5F28B00F96860;
			remoteInfo = MyFirstApp;
		};
/* End PBXContainerItemProxy section */

/* Begin PBXFileReference section */
		F579F0DF24F5F28B00F96860 /* MyFirstApp.app */ = {isa = PBXFileReference; explicitFileType = wrapper.application; includeInIndex = 0; path = MyFirstApp.app; sourceTree = BUILT_PRODUCTS_DIR; };
		F579F0E224F5F28B00F96860 /* AppDelegate.swift */ = {isa = PBXFileReference; lastKnownFileType = sourcecode.swift; path = AppDelegate.swift; sourceTree = "<group>"; };
		F579F0E424F5F28B00F96860 /* SceneDelegate.swift */ = {isa = PBXFileReference; lastKnownFileType = sourcecode.swift; path = SceneDelegate.swift; sourceTree = "<group>"; };
		F579F0E624F5F28B00F96860 /* ContentView.swift */ = {isa = PBXFileReference; lastKnownFileType = sourcecode.swift; path = ContentView.swift; sourceTree = "<group>"; };
		F579F0E824F5F28F00F96860 /* Assets.xcassets */ = {isa = PBXFileReference; lastKnownFileType = folder.assetcatalog; path = Assets.xcassets; sourceTree = "<group>"; };
		F579F0EB24F5F28F00F96860 /* Preview Assets.xcassets */ = {isa = PBXFileReference; lastKnownFileType = folder.assetcatalog; path = "Preview Assets.xcassets"; sourceTree = "<group>"; };
		F579F0EE24F5F28F00F96860 /* Base */ = {isa = PBXFileReference; lastKnownFileType = file.storyboard; name = Base; path = Base.lproj/LaunchScreen.storyboard; sourceTree = "<group>"; };
		F579F0F024F5F28F00F96860 /* Info.plist */ = {isa = PBXFileReference; lastKnownFileType = text.plist.xml; path = Info.plist; sourceTree = "<group>"; };
		F579F0F524F5F29000F96860 /* MyFirstAppTests.xctest */ = {isa = PBXFileReference; explicitFileType = wrapper.cfbundle; includeInIndex = 0; path = MyFirstAppTests.xctest; sourceTree = BUILT_PRODUCTS_DIR; };
		F579F0F924F5F29000F96860 /* MyFirstAppTests.swift */ = {isa = PBXFileReference; lastKnownFileType = sourcecode.swift; path = MyFirstAppTests.swift; sourceTree = "<group>"; };
		F579F0FB24F5F29000F96860 /* Info.plist */ = {isa = PBXFileReference; lastKnownFileType = text.plist.xml; path = Info.plist; sourceTree = "<group>"; };
		F579F10024F5F29000F96860 /* MyFirstAppUITests.xctest */ = {isa = PBXFileReference; explicitFileType = wrapper.cfbundle; includeInIndex = 0; path = MyFirstAppUITests.xctest; sourceTree = BUILT_PRODUCTS_DIR; };
		F579F10424F5F29000F96860 /* MyFirstAppUITests.swift */ = {isa = PBXFileReference; lastKnownFileType = sourcecode.swift; path = MyFirstAppUITests.swift; sourceTree = "<group>"; };
		F579F10624F5F29000F96860 /* Info.plist */ = {isa = PBXFileReference; lastKnownFileType = text.plist.xml; path = Info.plist; sourceTree = "<group>"; };
/* End PBXFileReference section */

/* Begin PBXFrameworksBuildPhase section */
		F579F0DC24F5F28B00F96860 /* Frameworks */ = {
			isa = PBXFrameworksBuildPhase;
			buildActionMask = 2147483647;
			files = (
			);
			runOnlyForDeploymentPostprocessing = 0;
		};
		F579F0F224F5F29000F96860 /* Frameworks */ = {
			isa = PBXFrameworksBuildPhase;
			buildActionMask = 2147483647;
			files = (
			);
			runOnlyForDeploymentPostprocessing = 0;
		};
		F579F0FD24F5F29000F96860 /* Frameworks */ = {
			isa = PBXFrameworksBuildPhase;
			buildActionMask = 2147483647;
			files = (
			);
			runOnlyForDeploymentPostprocessing = 0;
		};
/* End PBXFrameworksBuildPhase section */

/* Begin PBXGroup section */
		F579F0D624F5F28B00F96860 = {
			isa = PBXGroup;
			children = (
				F579F0E124F5F28B00F96860 /* MyFirstApp */,
				F579F0F824F5F29000F96860 /* MyFirstAppTests */,
				F579F10324F5F29000F96860 /* MyFirstAppUITests */,
				F579F0E024F5F28B00F96860 /* Products */,
			);
			sourceTree = "<group>";
		};
		F579F0E024F5F28B00F96860 /* Products */ = {
			isa = PBXGroup;
			children = (
				F579F0DF24F5F28B00F96860 /* MyFirstApp.app */,
				F579F0F524F5F29000F96860 /* MyFirstAppTests.xctest */,
				F579F10024F5F29000F96860 /* MyFirstAppUITests.xctest */,
			);
			name = Products;
			sourceTree = "<group>";
		};
		F579F0E124F5F28B00F96860 /* MyFirstApp */ = {
			isa = PBXGroup;
			children = (
				F579F0E224F5F28B00F96860 /* AppDelegate.swift */,
				F579F0E424F5F28B00F96860 /* SceneDelegate.swift */,
				F579F0E624F5F28B00F96860 /* ContentView.swift */,
				F579F0E824F5F28F00F96860 /* Assets.xcassets */,
				F579F0ED24F5F28F00F96860 /* LaunchScreen.storyboard */,
				F579F0F024F5F28F00F96860 /* Info.plist */,
				F579F0EA24F5F28F00F96860 /* Preview Content */,
			);
			path = MyFirstApp;
			sourceTree = "<group>";
		};
		F579F0EA24F5F28F00F96860 /* Preview Content */ = {
			isa = PBXGroup;
			children = (
				F579F0EB24F5F28F00F96860 /* Preview Assets.xcassets */,
			);
			path = "Preview Content";
			sourceTree = "<group>";
		};
		F579F0F824F5F29000F96860 /* MyFirstAppTests */ = {
			isa = PBXGroup;
			children = (
				F579F0F924F5F29000F96860 /* MyFirstAppTests.swift */,
				F579F0FB24F5F29000F96860 /* Info.plist */,
			);
			path = MyFirstAppTests;
			sourceTree = "<group>";
		};
		F579F10324F5F29000F96860 /* MyFirstAppUITests */ = {
			isa = PBXGroup;
			children = (
				F579F10424F5F29000F96860 /* MyFirstAppUITests.swift */,
				F579F10624F5F29000F96860 /* Info.plist */,
			);
			path = MyFirstAppUITests;
			sourceTree = "<group>";
		};
/* End PBXGroup section */

/* Begin PBXNativeTarget section */
		F579F0DE24F5F28B00F96860 /* MyFirstApp */ = {
			isa = PBXNativeTarget;
			buildConfigurationList = F579F10924F5F29000F96860 /* Build configuration list for PBXNativeTarget "MyFirstApp" */;
			buildPhases = (
				F579F0DB24F5F28B00F96860 /* Sources */,
				F579F0DC24F5F28B00F96860 /* Frameworks */,
				F579F0DD24F5F28B00F96860 /* Resources */,
			);
			buildRules = (
			);
			dependencies = (
			);
			name = MyFirstApp;
			productName = MyFirstApp;
			productReference = F579F0DF24F5F28B00F96860 /* MyFirstApp.app */;
			productType = "com.apple.product-type.application";
		};
		F579F0F424F5F29000F96860 /* MyFirstAppTests */ = {
			isa = PBXNativeTarget;
			buildConfigurationList = F579F10C24F5F29000F96860 /* Build configuration list for PBXNativeTarget "MyFirstAppTests" */;
			buildPhases = (
				F579F0F124F5F29000F96860 /* Sources */,
				F579F0F224F5F29000F96860 /* Frameworks */,
				F579F0F324F5F29000F96860 /* Resources */,
			);
			buildRules = (
			);
			dependencies = (
				F579F0F724F5F29000F96860 /* PBXTargetDependency */,
			);
			name = MyFirstAppTests;
			productName = MyFirstAppTests;
			productReference = F579F0F524F5F29000F96860 /* MyFirstAppTests.xctest */;
			productType = "com.apple.product-type.bundle.unit-test";
		};
		F579F0FF24F5F29000F96860 /* MyFirstAppUITests */ = {
			isa = PBXNativeTarget;
			buildConfigurationList = F579F10F24F5F29000F96860 /* Build configuration list for PBXNativeTarget "MyFirstAppUITests" */;
			buildPhases = (
				F579F0FC24F5F29000F96860 /* Sources */,
				F579F0FD24F5F29000F96860 /* Frameworks */,
				F579F0FE24F5F29000F96860 /* Resources */,
			);
			buildRules = (
			);
			dependencies = (
				F579F10224F5F29000F96860 /* PBXTargetDependency */,
			);
			name = MyFirstAppUITests;
			productName = MyFirstAppUITests;
			productReference = F579F10024F5F29000F96860 /* MyFirstAppUITests.xctest */;
			productType = "com.apple.product-type.bundle.ui-testing";
		};
/* End PBXNativeTarget section */

/* Begin PBXProject section */
		F579F0D724F5F28B00F96860 /* Project object */ = {
			isa = PBXProject;
			attributes = {
				LastSwiftUpdateCheck = 1160;
				LastUpgradeCheck = 1160;
				ORGANIZATIONNAME = "Fenwick, James B.";
				TargetAttributes = {
					F579F0DE24F5F28B00F96860 = {
						CreatedOnToolsVersion = 11.6;
					};
					F579F0F424F5F29000F96860 = {
						CreatedOnToolsVersion = 11.6;
						TestTargetID = F579F0DE24F5F28B00F96860;
					};
					F579F0FF24F5F29000F96860 = {
						CreatedOnToolsVersion = 11.6;
						TestTargetID = F579F0DE24F5F28B00F96860;
					};
				};
			};
			buildConfigurationList = F579F0DA24F5F28B00F96860 /* Build configuration list for PBXProject "MyFirstApp" */;
			compatibilityVersion = "Xcode 9.3";
			developmentRegion = en;
			hasScannedForEncodings = 0;
			knownRegions = (
				en,
				Base,
			);
			mainGroup = F579F0D624F5F28B00F96860;
			productRefGroup = F579F0E024F5F28B00F96860 /* Products */;
			projectDirPath = "";
			projectRoot = "";
			targets = (
				F579F0DE24F5F28B00F96860 /* MyFirstApp */,
				F579F0F424F5F29000F96860 /* MyFirstAppTests */,
				F579F0FF24F5F29000F96860 /* MyFirstAppUITests */,
			);
		};
/* End PBXProject section */

/* Begin PBXResourcesBuildPhase section */
		F579F0DD24F5F28B00F96860 /* Resources */ = {
			isa = PBXResourcesBuildPhase;
			buildActionMask = 2147483647;
			files = (
				F579F0EF24F5F28F00F96860 /* LaunchScreen.storyboard in Resources */,
				F579F0EC24F5F28F00F96860 /* Preview Assets.xcassets in Resources */,
				F579F0E924F5F28F00F96860 /* Assets.xcassets in Resources */,
			);
			runOnlyForDeploymentPostprocessing = 0;
		};
		F579F0F324F5F29000F96860 /* Resources */ = {
			isa = PBXResourcesBuildPhase;
			buildActionMask = 2147483647;
			files = (
			);
			runOnlyForDeploymentPostprocessing = 0;
		};
		F579F0FE24F5F29000F96860 /* Resources */ = {
			isa = PBXResourcesBuildPhase;
			buildActionMask = 2147483647;
			files = (
			);
			runOnlyForDeploymentPostprocessing = 0;
		};
/* End PBXResourcesBuildPhase section */

/* Begin PBXSourcesBuildPhase section */
		F579F0DB24F5F28B00F96860 /* Sources */ = {
			isa = PBXSourcesBuildPhase;
			buildActionMask = 2147483647;
			files = (
				F579F0E324F5F28B00F96860 /* AppDelegate.swift in Sources */,
				F579F0E524F5F28B00F96860 /* SceneDelegate.swift in Sources */,
				F579F0E724F5F28B00F96860 /* ContentView.swift in Sources */,
			);
			runOnlyForDeploymentPostprocessing = 0;
		};
		F579F0F124F5F29000F96860 /* Sources */ = {
			isa = PBXSourcesBuildPhase;
			buildActionMask = 2147483647;
			files = (
				F579F0FA24F5F29000F96860 /* MyFirstAppTests.swift in Sources */,
			);
			runOnlyForDeploymentPostprocessing = 0;
		};
		F579F0FC24F5F29000F96860 /* Sources */ = {
			isa = PBXSourcesBuildPhase;
			buildActionMask = 2147483647;
			files = (
				F579F10524F5F29000F96860 /* MyFirstAppUITests.swift in Sources */,
			);
			runOnlyForDeploymentPostprocessing = 0;
		};
/* End PBXSourcesBuildPhase section */

/* Begin PBXTargetDependency section */
		F579F0F724F5F29000F96860 /* PBXTargetDependency */ = {
			isa = PBXTargetDependency;
			target = F579F0DE24F5F28B00F96860 /* MyFirstApp */;
			targetProxy = F579F0F624F5F29000F96860 /* PBXContainerItemProxy */;
		};
		F579F10224F5F29000F96860 /* PBXTargetDependency */ = {
			isa = PBXTargetDependency;
			target = F579F0DE24F5F28B00F96860 /* MyFirstApp */;
			targetProxy = F579F10124F5F29000F96860 /* PBXContainerItemProxy */;
		};
/* End PBXTargetDependency section */

/* Begin PBXVariantGroup section */
		F579F0ED24F5F28F00F96860 /* LaunchScreen.storyboard */ = {
			isa = PBXVariantGroup;
			children = (
				F579F0EE24F5F28F00F96860 /* Base */,
			);
			name = LaunchScreen.storyboard;
			sourceTree = "<group>";
		};
/* End PBXVariantGroup section */

/* Begin XCBuildConfiguration section */
		F579F10724F5F29000F96860 /* Debug */ = {
			isa = XCBuildConfiguration;
			buildSettings = {
				ALWAYS_SEARCH_USER_PATHS = NO;
				CLANG_ANALYZER_NONNULL = YES;
				CLANG_ANALYZER_NUMBER_OBJECT_CONVERSION = YES_AGGRESSIVE;
				CLANG_CXX_LANGUAGE_STANDARD = "gnu++14";
				CLANG_CXX_LIBRARY = "libc++";
				CLANG_ENABLE_MODULES = YES;
				CLANG_ENABLE_OBJC_ARC = YES;
				CLANG_ENABLE_OBJC_WEAK = YES;
				CLANG_WARN_BLOCK_CAPTURE_AUTORELEASING = YES;
				CLANG_WARN_BOOL_CONVERSION = YES;
				CLANG_WARN_COMMA = YES;
				CLANG_WARN_CONSTANT_CONVERSION = YES;
				CLANG_WARN_DEPRECATED_OBJC_IMPLEMENTATIONS = YES;
				CLANG_WARN_DIRECT_OBJC_ISA_USAGE = YES_ERROR;
				CLANG_WARN_DOCUMENTATION_COMMENTS = YES;
				CLANG_WARN_EMPTY_BODY = YES;
				CLANG_WARN_ENUM_CONVERSION = YES;
				CLANG_WARN_INFINITE_RECURSION = YES;
				CLANG_WARN_INT_CONVERSION = YES;
				CLANG_WARN_NON_LITERAL_NULL_CONVERSION = YES;
				CLANG_WARN_OBJC_IMPLICIT_RETAIN_SELF = YES;
				CLANG_WARN_OBJC_LITERAL_CONVERSION = YES;
				CLANG_WARN_OBJC_ROOT_CLASS = YES_ERROR;
				CLANG_WARN_RANGE_LOOP_ANALYSIS = YES;
				CLANG_WARN_STRICT_PROTOTYPES = YES;
				CLANG_WARN_SUSPICIOUS_MOVE = YES;
				CLANG_WARN_UNGUARDED_AVAILABILITY = YES_AGGRESSIVE;
				CLANG_WARN_UNREACHABLE_CODE = YES;
				CLANG_WARN__DUPLICATE_METHOD_MATCH = YES;
				COPY_PHASE_STRIP = NO;
				DEBUG_INFORMATION_FORMAT = dwarf;
				ENABLE_STRICT_OBJC_MSGSEND = YES;
				ENABLE_TESTABILITY = YES;
				GCC_C_LANGUAGE_STANDARD = gnu11;
				GCC_DYNAMIC_NO_PIC = NO;
				GCC_NO_COMMON_BLOCKS = YES;
				GCC_OPTIMIZATION_LEVEL = 0;
				GCC_PREPROCESSOR_DEFINITIONS = (
					"DEBUG=1",
					"$(inherited)",
				);
				GCC_WARN_64_TO_32_BIT_CONVERSION = YES;
				GCC_WARN_ABOUT_RETURN_TYPE = YES_ERROR;
				GCC_WARN_UNDECLARED_SELECTOR = YES;
				GCC_WARN_UNINITIALIZED_AUTOS = YES_AGGRESSIVE;
				GCC_WARN_UNUSED_FUNCTION = YES;
				GCC_WARN_UNUSED_VARIABLE = YES;
				IPHONEOS_DEPLOYMENT_TARGET = 13.6;
				MTL_ENABLE_DEBUG_INFO = INCLUDE_SOURCE;
				MTL_FAST_MATH = YES;
				ONLY_ACTIVE_ARCH = YES;
				SDKROOT = iphoneos;
				SWIFT_ACTIVE_COMPILATION_CONDITIONS = DEBUG;
				SWIFT_OPTIMIZATION_LEVEL = "-Onone";
			};
			name = Debug;
		};
		F579F10824F5F29000F96860 /* Release */ = {
			isa = XCBuildConfiguration;
			buildSettings = {
				ALWAYS_SEARCH_USER_PATHS = NO;
				CLANG_ANALYZER_NONNULL = YES;
				CLANG_ANALYZER_NUMBER_OBJECT_CONVERSION = YES_AGGRESSIVE;
				CLANG_CXX_LANGUAGE_STANDARD = "gnu++14";
				CLANG_CXX_LIBRARY = "libc++";
				CLANG_ENABLE_MODULES = YES;
				CLANG_ENABLE_OBJC_ARC = YES;
				CLANG_ENABLE_OBJC_WEAK = YES;
				CLANG_WARN_BLOCK_CAPTURE_AUTORELEASING = YES;
				CLANG_WARN_BOOL_CONVERSION = YES;
				CLANG_WARN_COMMA = YES;
				CLANG_WARN_CONSTANT_CONVERSION = YES;
				CLANG_WARN_DEPRECATED_OBJC_IMPLEMENTATIONS = YES;
				CLANG_WARN_DIRECT_OBJC_ISA_USAGE = YES_ERROR;
				CLANG_WARN_DOCUMENTATION_COMMENTS = YES;
				CLANG_WARN_EMPTY_BODY = YES;
				CLANG_WARN_ENUM_CONVERSION = YES;
				CLANG_WARN_INFINITE_RECURSION = YES;
				CLANG_WARN_INT_CONVERSION = YES;
				CLANG_WARN_NON_LITERAL_NULL_CONVERSION = YES;
				CLANG_WARN_OBJC_IMPLICIT_RETAIN_SELF = YES;
				CLANG_WARN_OBJC_LITERAL_CONVERSION = YES;
				CLANG_WARN_OBJC_ROOT_CLASS = YES_ERROR;
				CLANG_WARN_RANGE_LOOP_ANALYSIS = YES;
				CLANG_WARN_STRICT_PROTOTYPES = YES;
				CLANG_WARN_SUSPICIOUS_MOVE = YES;
				CLANG_WARN_UNGUARDED_AVAILABILITY = YES_AGGRESSIVE;
				CLANG_WARN_UNREACHABLE_CODE = YES;
				CLANG_WARN__DUPLICATE_METHOD_MATCH = YES;
				COPY_PHASE_STRIP = NO;
				DEBUG_INFORMATION_FORMAT = "dwarf-with-dsym";
				ENABLE_NS_ASSERTIONS = NO;
				ENABLE_STRICT_OBJC_MSGSEND = YES;
				GCC_C_LANGUAGE_STANDARD = gnu11;
				GCC_NO_COMMON_BLOCKS = YES;
				GCC_WARN_64_TO_32_BIT_CONVERSION = YES;
				GCC_WARN_ABOUT_RETURN_TYPE = YES_ERROR;
				GCC_WARN_UNDECLARED_SELECTOR = YES;
				GCC_WARN_UNINITIALIZED_AUTOS = YES_AGGRESSIVE;
				GCC_WARN_UNUSED_FUNCTION = YES;
				GCC_WARN_UNUSED_VARIABLE = YES;
				IPHONEOS_DEPLOYMENT_TARGET = 13.6;
				MTL_ENABLE_DEBUG_INFO = NO;
				MTL_FAST_MATH = YES;
				SDKROOT = iphoneos;
				SWIFT_COMPILATION_MODE = wholemodule;
				SWIFT_OPTIMIZATION_LEVEL = "-O";
				VALIDATE_PRODUCT = YES;
			};
			name = Release;
		};
		F579F10A24F5F29000F96860 /* Debug */ = {
			isa = XCBuildConfiguration;
			buildSettings = {
				ASSETCATALOG_COMPILER_APPICON_NAME = AppIcon;
				CODE_SIGN_STYLE = Automatic;
				DEVELOPMENT_ASSET_PATHS = "\"MyFirstApp/Preview Content\"";
				ENABLE_PREVIEWS = YES;
				INFOPLIST_FILE = MyFirstApp/Info.plist;
				LD_RUNPATH_SEARCH_PATHS = (
					"$(inherited)",
					"@executable_path/Frameworks",
				);
				PRODUCT_BUNDLE_IDENTIFIER = edu.appstate.cs.fenwickjb.MyFirstApp;
				PRODUCT_NAME = "$(TARGET_NAME)";
				SWIFT_VERSION = 5.0;
				TARGETED_DEVICE_FAMILY = "1,2";
			};
			name = Debug;
		};
		F579F10B24F5F29000F96860 /* Release */ = {
			isa = XCBuildConfiguration;
			buildSettings = {
				ASSETCATALOG_COMPILER_APPICON_NAME = AppIcon;
				CODE_SIGN_STYLE = Automatic;
				DEVELOPMENT_ASSET_PATHS = "\"MyFirstApp/Preview Content\"";
				ENABLE_PREVIEWS = YES;
				INFOPLIST_FILE = MyFirstApp/Info.plist;
				LD_RUNPATH_SEARCH_PATHS = (
					"$(inherited)",
					"@executable_path/Frameworks",
				);
				PRODUCT_BUNDLE_IDENTIFIER = edu.appstate.cs.fenwickjb.MyFirstApp;
				PRODUCT_NAME = "$(TARGET_NAME)";
				SWIFT_VERSION = 5.0;
				TARGETED_DEVICE_FAMILY = "1,2";
			};
			name = Release;
		};
		F579F10D24F5F29000F96860 /* Debug */ = {
			isa = XCBuildConfiguration;
			buildSettings = {
				ALWAYS_EMBED_SWIFT_STANDARD_LIBRARIES = YES;
				BUNDLE_LOADER = "$(TEST_HOST)";
				CODE_SIGN_STYLE = Automatic;
				INFOPLIST_FILE = MyFirstAppTests/Info.plist;
				IPHONEOS_DEPLOYMENT_TARGET = 13.6;
				LD_RUNPATH_SEARCH_PATHS = (
					"$(inherited)",
					"@executable_path/Frameworks",
					"@loader_path/Frameworks",
				);
				PRODUCT_BUNDLE_IDENTIFIER = edu.appstate.cs.fenwickjb.MyFirstAppTests;
				PRODUCT_NAME = "$(TARGET_NAME)";
				SWIFT_VERSION = 5.0;
				TARGETED_DEVICE_FAMILY = "1,2";
				TEST_HOST = "$(BUILT_PRODUCTS_DIR)/MyFirstApp.app/MyFirstApp";
			};
			name = Debug;
		};
		F579F10E24F5F29000F96860 /* Release */ = {
			isa = XCBuildConfiguration;
			buildSettings = {
				ALWAYS_EMBED_SWIFT_STANDARD_LIBRARIES = YES;
				BUNDLE_LOADER = "$(TEST_HOST)";
				CODE_SIGN_STYLE = Automatic;
				INFOPLIST_FILE = MyFirstAppTests/Info.plist;
				IPHONEOS_DEPLOYMENT_TARGET = 13.6;
				LD_RUNPATH_SEARCH_PATHS = (
					"$(inherited)",
					"@executable_path/Frameworks",
					"@loader_path/Frameworks",
				);
				PRODUCT_BUNDLE_IDENTIFIER = edu.appstate.cs.fenwickjb.MyFirstAppTests;
				PRODUCT_NAME = "$(TARGET_NAME)";
				SWIFT_VERSION = 5.0;
				TARGETED_DEVICE_FAMILY = "1,2";
				TEST_HOST = "$(BUILT_PRODUCTS_DIR)/MyFirstApp.app/MyFirstApp";
			};
			name = Release;
		};
		F579F11024F5F29000F96860 /* Debug */ = {
			isa = XCBuildConfiguration;
			buildSettings = {
				ALWAYS_EMBED_SWIFT_STANDARD_LIBRARIES = YES;
				CODE_SIGN_STYLE = Automatic;
				INFOPLIST_FILE = MyFirstAppUITests/Info.plist;
				LD_RUNPATH_SEARCH_PATHS = (
					"$(inherited)",
					"@executable_path/Frameworks",
					"@loader_path/Frameworks",
				);
				PRODUCT_BUNDLE_IDENTIFIER = edu.appstate.cs.fenwickjb.MyFirstAppUITests;
				PRODUCT_NAME = "$(TARGET_NAME)";
				SWIFT_VERSION = 5.0;
				TARGETED_DEVICE_FAMILY = "1,2";
				TEST_TARGET_NAME = MyFirstApp;
			};
			name = Debug;
		};
		F579F11124F5F29000F96860 /* Release */ = {
			isa = XCBuildConfiguration;
			buildSettings = {
				ALWAYS_EMBED_SWIFT_STANDARD_LIBRARIES = YES;
				CODE_SIGN_STYLE = Automatic;
				INFOPLIST_FILE = MyFirstAppUITests/Info.plist;
				LD_RUNPATH_SEARCH_PATHS = (
					"$(inherited)",
					"@executable_path/Frameworks",
					"@loader_path/Frameworks",
				);
				PRODUCT_BUNDLE_IDENTIFIER = edu.appstate.cs.fenwickjb.MyFirstAppUITests;
				PRODUCT_NAME = "$(TARGET_NAME)";
				SWIFT_VERSION = 5.0;
				TARGETED_DEVICE_FAMILY = "1,2";
				TEST_TARGET_NAME = MyFirstApp;
			};
			name = Release;
		};
/* End XCBuildConfiguration section */

/* Begin XCConfigurationList section */
		F579F0DA24F5F28B00F96860 /* Build configuration list for PBXProject "MyFirstApp" */ = {
			isa = XCConfigurationList;
			buildConfigurations = (
				F579F10724F5F29000F96860 /* Debug */,
				F579F10824F5F29000F96860 /* Release */,
			);
			defaultConfigurationIsVisible = 0;
			defaultConfigurationName = Release;
		};
		F579F10924F5F29000F96860 /* Build configuration list for PBXNativeTarget "MyFirstApp" */ = {
			isa = XCConfigurationList;
			buildConfigurations = (
				F579F10A24F5F29000F96860 /* Debug */,
				F579F10B24F5F29000F96860 /* Release */,
			);
			defaultConfigurationIsVisible = 0;
			defaultConfigurationName = Release;
		};
		F579F10C24F5F29000F96860 /* Build configuration list for PBXNativeTarget "MyFirstAppTests" */ = {
			isa = XCConfigurationList;
			buildConfigurations = (
				F579F10D24F5F29000F96860 /* Debug */,
				F579F10E24F5F29000F96860 /* Release */,
			);
			defaultConfigurationIsVisible = 0;
			defaultConfigurationName = Release;
		};
		F579F10F24F5F29000F96860 /* Build configuration list for PBXNativeTarget "MyFirstAppUITests" */ = {
			isa = XCConfigurationList;
			buildConfigurations = (
				F579F11024F5F29000F96860 /* Debug */,
				F579F11124F5F29000F96860 /* Release */,
			);
			defaultConfigurationIsVisible = 0;
			defaultConfigurationName = Release;
		};
/* End XCConfigurationList section */
	};
	rootObject = F579F0D724F5F28B00F96860 /* Project object */;
}
